Microsoft Visual Studio Solution File, Format Version 12.00
# Visual Studio Version 17
VisualStudioVersion = 17.5.33516.290
MinimumVisualStudioVersion = 10.0.40219.1
Project("{2150E333-8FDC-42A3-9474-1A3956D46DE8}") = "Services", "Services", "{5805A17B-151A-4474-81DE-FF214703BBDB}"
EndProject
Project("{2150E333-8FDC-42A3-9474-1A3956D46DE8}") = "SolutionItems", "SolutionItems", "{FE00756B-C0F7-4FBF-BB30-BB221D4A2A9C}"
	ProjectSection(SolutionItems) = preProject
		.editorconfig = .editorconfig
		.gitignore = .gitignore
		README.md = README.md
	EndProjectSection
EndProject
Project("{9A19103F-16F7-4668-BE54-9A1E7A4F7556}") = "Mcce22.SmartOffice.Core", "src\Mcce22.SmartOffice.Core\Mcce22.SmartOffice.Core.csproj", "{242C87BE-D260-44D6-B47F-13ECBC19FA8D}"
EndProject
Project("{9A19103F-16F7-4668-BE54-9A1E7A4F7556}") = "Mcce22.SmartOffice.CloudFormation", "src\Mcce22.SmartOffice.CloudFormation\Mcce22.SmartOffice.CloudFormation.csproj", "{7F124099-B8C5-4729-968A-F244A53FB098}"
EndProject
Project("{2150E333-8FDC-42A3-9474-1A3956D46DE8}") = "Infrastructure", "Infrastructure", "{A91F473D-9897-4D92-92A1-E955B108B48E}"
EndProject
Project("{2150E333-8FDC-42A3-9474-1A3956D46DE8}") = "Clients", "Clients", "{9D747313-CB04-4C7F-95BE-4083BE7A893A}"
EndProject
Project("{9A19103F-16F7-4668-BE54-9A1E7A4F7556}") = "Mcce22.SmartOffice.Client", "src\Mcce22.SmartOffice.Client\Mcce22.SmartOffice.Client.csproj", "{964BD78C-5D6F-4FCA-929D-E4059262994C}"
EndProject
Project("{9A19103F-16F7-4668-BE54-9A1E7A4F7556}") = "Mcce22.SmartOffice.DataIngress", "src\Mcce22.SmartOffice.DataIngress\Mcce22.SmartOffice.DataIngress.csproj", "{787B0A63-AE73-49BD-91C1-7B2E12144D14}"
EndProject
Project("{2150E333-8FDC-42A3-9474-1A3956D46DE8}") = "Tests", "Tests", "{B8D65414-EF30-43D3-8DCC-B755FD7613BC}"
EndProject
Project("{9A19103F-16F7-4668-BE54-9A1E7A4F7556}") = "Mcce22.SmartOffice.Users.Tests", "src\Mcce22.SmartOffice.Users.Tests\Mcce22.SmartOffice.Users.Tests.csproj", "{7A76CB70-5BF4-4363-A05E-0D36840F88C3}"
EndProject
Project("{9A19103F-16F7-4668-BE54-9A1E7A4F7556}") = "Mcce22.SmartOffice.Users", "src\Mcce22.SmartOffice.Users\Mcce22.SmartOffice.Users.csproj", "{538E3E18-2FA9-496F-850C-5036AD806C04}"
EndProject
Project("{9A19103F-16F7-4668-BE54-9A1E7A4F7556}") = "Mcce22.SmartOffice.Workspaces", "src\Mcce22.SmartOffice.Workspaces\Mcce22.SmartOffice.Workspaces.csproj", "{256278D0-B7E3-4492-A9CD-60A5F4FBF45C}"
EndProject
Project("{9A19103F-16F7-4668-BE54-9A1E7A4F7556}") = "Mcce22.SmartOffice.Bookings", "src\Mcce22.SmartOffice.Bookings\Mcce22.SmartOffice.Bookings.csproj", "{B0855193-4E76-4F93-9F07-AD052760F744}"
EndProject
Project("{9A19103F-16F7-4668-BE54-9A1E7A4F7556}") = "Mcce22.SmartOffice.DeviceActivator", "src\Mcce22.SmartOffice.DeviceActivator\Mcce22.SmartOffice.DeviceActivator.csproj", "{4E98C3EF-57FA-4163-89BA-89BA0F5E5BA6}"
EndProject
Project("{9A19103F-16F7-4668-BE54-9A1E7A4F7556}") = "Mcce22.SmartOffice.Notifications", "src\Mcce22.SmartOffice.Notifications\Mcce22.SmartOffice.Notifications.csproj", "{1FAA14D9-0252-483B-8A96-D5E973E43348}"
EndProject
Global
	GlobalSection(SolutionConfigurationPlatforms) = preSolution
		Debug|Any CPU = Debug|Any CPU
		Debug|x86 = Debug|x86
		Release|Any CPU = Release|Any CPU
		Release|x86 = Release|x86
	EndGlobalSection
	GlobalSection(ProjectConfigurationPlatforms) = postSolution
		{242C87BE-D260-44D6-B47F-13ECBC19FA8D}.Debug|Any CPU.ActiveCfg = Debug|Any CPU
		{242C87BE-D260-44D6-B47F-13ECBC19FA8D}.Debug|Any CPU.Build.0 = Debug|Any CPU
		{242C87BE-D260-44D6-B47F-13ECBC19FA8D}.Debug|x86.ActiveCfg = Debug|Any CPU
		{242C87BE-D260-44D6-B47F-13ECBC19FA8D}.Debug|x86.Build.0 = Debug|Any CPU
		{242C87BE-D260-44D6-B47F-13ECBC19FA8D}.Release|Any CPU.ActiveCfg = Release|Any CPU
		{242C87BE-D260-44D6-B47F-13ECBC19FA8D}.Release|Any CPU.Build.0 = Release|Any CPU
		{242C87BE-D260-44D6-B47F-13ECBC19FA8D}.Release|x86.ActiveCfg = Release|Any CPU
		{242C87BE-D260-44D6-B47F-13ECBC19FA8D}.Release|x86.Build.0 = Release|Any CPU
		{7F124099-B8C5-4729-968A-F244A53FB098}.Debug|Any CPU.ActiveCfg = Debug|Any CPU
		{7F124099-B8C5-4729-968A-F244A53FB098}.Debug|Any CPU.Build.0 = Debug|Any CPU
		{7F124099-B8C5-4729-968A-F244A53FB098}.Debug|x86.ActiveCfg = Debug|Any CPU
		{7F124099-B8C5-4729-968A-F244A53FB098}.Debug|x86.Build.0 = Debug|Any CPU
		{7F124099-B8C5-4729-968A-F244A53FB098}.Release|Any CPU.ActiveCfg = Release|Any CPU
		{7F124099-B8C5-4729-968A-F244A53FB098}.Release|Any CPU.Build.0 = Release|Any CPU
		{7F124099-B8C5-4729-968A-F244A53FB098}.Release|x86.ActiveCfg = Release|Any CPU
		{7F124099-B8C5-4729-968A-F244A53FB098}.Release|x86.Build.0 = Release|Any CPU
		{964BD78C-5D6F-4FCA-929D-E4059262994C}.Debug|Any CPU.ActiveCfg = Debug|Any CPU
		{964BD78C-5D6F-4FCA-929D-E4059262994C}.Debug|Any CPU.Build.0 = Debug|Any CPU
		{964BD78C-5D6F-4FCA-929D-E4059262994C}.Debug|x86.ActiveCfg = Debug|Any CPU
		{964BD78C-5D6F-4FCA-929D-E4059262994C}.Debug|x86.Build.0 = Debug|Any CPU
		{964BD78C-5D6F-4FCA-929D-E4059262994C}.Release|Any CPU.ActiveCfg = Release|Any CPU
		{964BD78C-5D6F-4FCA-929D-E4059262994C}.Release|Any CPU.Build.0 = Release|Any CPU
		{964BD78C-5D6F-4FCA-929D-E4059262994C}.Release|x86.ActiveCfg = Release|Any CPU
		{964BD78C-5D6F-4FCA-929D-E4059262994C}.Release|x86.Build.0 = Release|Any CPU
		{787B0A63-AE73-49BD-91C1-7B2E12144D14}.Debug|Any CPU.ActiveCfg = Debug|Any CPU
		{787B0A63-AE73-49BD-91C1-7B2E12144D14}.Debug|Any CPU.Build.0 = Debug|Any CPU
		{787B0A63-AE73-49BD-91C1-7B2E12144D14}.Debug|x86.ActiveCfg = Debug|Any CPU
		{787B0A63-AE73-49BD-91C1-7B2E12144D14}.Debug|x86.Build.0 = Debug|Any CPU
		{787B0A63-AE73-49BD-91C1-7B2E12144D14}.Release|Any CPU.ActiveCfg = Release|Any CPU
		{787B0A63-AE73-49BD-91C1-7B2E12144D14}.Release|Any CPU.Build.0 = Release|Any CPU
		{787B0A63-AE73-49BD-91C1-7B2E12144D14}.Release|x86.ActiveCfg = Release|Any CPU
		{787B0A63-AE73-49BD-91C1-7B2E12144D14}.Release|x86.Build.0 = Release|Any CPU
		{7A76CB70-5BF4-4363-A05E-0D36840F88C3}.Debug|Any CPU.ActiveCfg = Debug|Any CPU
		{7A76CB70-5BF4-4363-A05E-0D36840F88C3}.Debug|Any CPU.Build.0 = Debug|Any CPU
		{7A76CB70-5BF4-4363-A05E-0D36840F88C3}.Debug|x86.ActiveCfg = Debug|Any CPU
		{7A76CB70-5BF4-4363-A05E-0D36840F88C3}.Debug|x86.Build.0 = Debug|Any CPU
		{7A76CB70-5BF4-4363-A05E-0D36840F88C3}.Release|Any CPU.ActiveCfg = Release|Any CPU
		{7A76CB70-5BF4-4363-A05E-0D36840F88C3}.Release|Any CPU.Build.0 = Release|Any CPU
		{7A76CB70-5BF4-4363-A05E-0D36840F88C3}.Release|x86.ActiveCfg = Release|Any CPU
		{7A76CB70-5BF4-4363-A05E-0D36840F88C3}.Release|x86.Build.0 = Release|Any CPU
		{538E3E18-2FA9-496F-850C-5036AD806C04}.Debug|Any CPU.ActiveCfg = Debug|Any CPU
		{538E3E18-2FA9-496F-850C-5036AD806C04}.Debug|Any CPU.Build.0 = Debug|Any CPU
		{538E3E18-2FA9-496F-850C-5036AD806C04}.Debug|x86.ActiveCfg = Debug|Any CPU
		{538E3E18-2FA9-496F-850C-5036AD806C04}.Debug|x86.Build.0 = Debug|Any CPU
		{538E3E18-2FA9-496F-850C-5036AD806C04}.Release|Any CPU.ActiveCfg = Release|Any CPU
		{538E3E18-2FA9-496F-850C-5036AD806C04}.Release|Any CPU.Build.0 = Release|Any CPU
		{538E3E18-2FA9-496F-850C-5036AD806C04}.Release|x86.ActiveCfg = Release|Any CPU
		{538E3E18-2FA9-496F-850C-5036AD806C04}.Release|x86.Build.0 = Release|Any CPU
		{256278D0-B7E3-4492-A9CD-60A5F4FBF45C}.Debug|Any CPU.ActiveCfg = Debug|Any CPU
		{256278D0-B7E3-4492-A9CD-60A5F4FBF45C}.Debug|Any CPU.Build.0 = Debug|Any CPU
		{256278D0-B7E3-4492-A9CD-60A5F4FBF45C}.Debug|x86.ActiveCfg = Debug|Any CPU
		{256278D0-B7E3-4492-A9CD-60A5F4FBF45C}.Debug|x86.Build.0 = Debug|Any CPU
		{256278D0-B7E3-4492-A9CD-60A5F4FBF45C}.Release|Any CPU.ActiveCfg = Release|Any CPU
		{256278D0-B7E3-4492-A9CD-60A5F4FBF45C}.Release|Any CPU.Build.0 = Release|Any CPU
		{256278D0-B7E3-4492-A9CD-60A5F4FBF45C}.Release|x86.ActiveCfg = Release|Any CPU
		{256278D0-B7E3-4492-A9CD-60A5F4FBF45C}.Release|x86.Build.0 = Release|Any CPU
		{B0855193-4E76-4F93-9F07-AD052760F744}.Debug|Any CPU.ActiveCfg = Debug|Any CPU
		{B0855193-4E76-4F93-9F07-AD052760F744}.Debug|Any CPU.Build.0 = Debug|Any CPU
		{B0855193-4E76-4F93-9F07-AD052760F744}.Debug|x86.ActiveCfg = Debug|Any CPU
		{B0855193-4E76-4F93-9F07-AD052760F744}.Debug|x86.Build.0 = Debug|Any CPU
		{B0855193-4E76-4F93-9F07-AD052760F744}.Release|Any CPU.ActiveCfg = Release|Any CPU
		{B0855193-4E76-4F93-9F07-AD052760F744}.Release|Any CPU.Build.0 = Release|Any CPU
		{B0855193-4E76-4F93-9F07-AD052760F744}.Release|x86.ActiveCfg = Release|Any CPU
		{B0855193-4E76-4F93-9F07-AD052760F744}.Release|x86.Build.0 = Release|Any CPU
		{4E98C3EF-57FA-4163-89BA-89BA0F5E5BA6}.Debug|Any CPU.ActiveCfg = Debug|Any CPU
		{4E98C3EF-57FA-4163-89BA-89BA0F5E5BA6}.Debug|Any CPU.Build.0 = Debug|Any CPU
		{4E98C3EF-57FA-4163-89BA-89BA0F5E5BA6}.Debug|x86.ActiveCfg = Debug|Any CPU
		{4E98C3EF-57FA-4163-89BA-89BA0F5E5BA6}.Debug|x86.Build.0 = Debug|Any CPU
		{4E98C3EF-57FA-4163-89BA-89BA0F5E5BA6}.Release|Any CPU.ActiveCfg = Release|Any CPU
		{4E98C3EF-57FA-4163-89BA-89BA0F5E5BA6}.Release|Any CPU.Build.0 = Release|Any CPU
		{4E98C3EF-57FA-4163-89BA-89BA0F5E5BA6}.Release|x86.ActiveCfg = Release|Any CPU
		{4E98C3EF-57FA-4163-89BA-89BA0F5E5BA6}.Release|x86.Build.0 = Release|Any CPU
		{1FAA14D9-0252-483B-8A96-D5E973E43348}.Debug|Any CPU.ActiveCfg = Debug|Any CPU
		{1FAA14D9-0252-483B-8A96-D5E973E43348}.Debug|Any CPU.Build.0 = Debug|Any CPU
		{1FAA14D9-0252-483B-8A96-D5E973E43348}.Debug|x86.ActiveCfg = Debug|Any CPU
		{1FAA14D9-0252-483B-8A96-D5E973E43348}.Debug|x86.Build.0 = Debug|Any CPU
		{1FAA14D9-0252-483B-8A96-D5E973E43348}.Release|Any CPU.ActiveCfg = Release|Any CPU
		{1FAA14D9-0252-483B-8A96-D5E973E43348}.Release|Any CPU.Build.0 = Release|Any CPU
		{1FAA14D9-0252-483B-8A96-D5E973E43348}.Release|x86.ActiveCfg = Release|Any CPU
		{1FAA14D9-0252-483B-8A96-D5E973E43348}.Release|x86.Build.0 = Release|Any CPU
	EndGlobalSection
	GlobalSection(SolutionProperties) = preSolution
		HideSolutionNode = FALSE
	EndGlobalSection
	GlobalSection(NestedProjects) = preSolution
		{242C87BE-D260-44D6-B47F-13ECBC19FA8D} = {5805A17B-151A-4474-81DE-FF214703BBDB}
		{7F124099-B8C5-4729-968A-F244A53FB098} = {A91F473D-9897-4D92-92A1-E955B108B48E}
		{964BD78C-5D6F-4FCA-929D-E4059262994C} = {9D747313-CB04-4C7F-95BE-4083BE7A893A}
		{787B0A63-AE73-49BD-91C1-7B2E12144D14} = {5805A17B-151A-4474-81DE-FF214703BBDB}
		{7A76CB70-5BF4-4363-A05E-0D36840F88C3} = {B8D65414-EF30-43D3-8DCC-B755FD7613BC}
		{538E3E18-2FA9-496F-850C-5036AD806C04} = {5805A17B-151A-4474-81DE-FF214703BBDB}
		{256278D0-B7E3-4492-A9CD-60A5F4FBF45C} = {5805A17B-151A-4474-81DE-FF214703BBDB}
		{B0855193-4E76-4F93-9F07-AD052760F744} = {5805A17B-151A-4474-81DE-FF214703BBDB}
		{4E98C3EF-57FA-4163-89BA-89BA0F5E5BA6} = {5805A17B-151A-4474-81DE-FF214703BBDB}
		{1FAA14D9-0252-483B-8A96-D5E973E43348} = {5805A17B-151A-4474-81DE-FF214703BBDB}
	EndGlobalSection
	GlobalSection(ExtensibilityGlobals) = postSolution
		SolutionGuid = {6B4406B8-0A6E-4D84-9828-BCF8BDD1781C}
	EndGlobalSection
EndGlobal
