Microsoft Visual Studio Solution File, Format Version 12.00
# Visual Studio Version 17
VisualStudioVersion = 17.5.33516.290
MinimumVisualStudioVersion = 10.0.40219.1
Project("{2150E333-8FDC-42A3-9474-1A3956D46DE8}") = "Services", "Services", "{5805A17B-151A-4474-81DE-FF214703BBDB}"
EndProject
Project("{2150E333-8FDC-42A3-9474-1A3956D46DE8}") = "SolutionItems", "SolutionItems", "{FE00756B-C0F7-4FBF-BB30-BB221D4A2A9C}"
	ProjectSection(SolutionItems) = preProject
		.editorconfig = .editorconfig
		.gitignore = .gitignore
		README.md = README.md
	EndProjectSection
EndProject
Project("{9A19103F-16F7-4668-BE54-9A1E7A4F7556}") = "Mcce22.SmartOffice.Core", "src\Mcce22.SmartOffice.Core\Mcce22.SmartOffice.Core.csproj", "{242C87BE-D260-44D6-B47F-13ECBC19FA8D}"
EndProject
Project("{9A19103F-16F7-4668-BE54-9A1E7A4F7556}") = "Mcce22.SmartOffice.Bookings", "src\Mcce22.SmartOffice.Bookings\Mcce22.SmartOffice.Bookings.csproj", "{5A038394-7AF6-4814-BE77-9138EC1924C0}"
EndProject
Project("{9A19103F-16F7-4668-BE54-9A1E7A4F7556}") = "Mcce22.SmartOffice.Users", "src\Mcce22.SmartOffice.Users\Mcce22.SmartOffice.Users.csproj", "{8BB18B95-0F3E-42EA-8E23-84C836BD0E4A}"
EndProject
Project("{9A19103F-16F7-4668-BE54-9A1E7A4F7556}") = "Mcce22.SmartOffice.Workspaces", "src\Mcce22.SmartOffice.Workspaces\Mcce22.SmartOffice.Workspaces.csproj", "{CD9FD509-1ACE-45D9-AFF8-F8ADE5EB81FB}"
EndProject
Project("{9A19103F-16F7-4668-BE54-9A1E7A4F7556}") = "Mcce22.SmartOffice.CloudFormation", "src\Mcce22.SmartOffice.CloudFormation\Mcce22.SmartOffice.CloudFormation.csproj", "{7F124099-B8C5-4729-968A-F244A53FB098}"
EndProject
Project("{2150E333-8FDC-42A3-9474-1A3956D46DE8}") = "Infrastructure", "Infrastructure", "{A91F473D-9897-4D92-92A1-E955B108B48E}"
EndProject
Project("{2150E333-8FDC-42A3-9474-1A3956D46DE8}") = "Clients", "Clients", "{9D747313-CB04-4C7F-95BE-4083BE7A893A}"
EndProject
Project("{9A19103F-16F7-4668-BE54-9A1E7A4F7556}") = "Mcce22.SmartOffice.Client", "src\Mcce22.SmartOffice.Client\Mcce22.SmartOffice.Client.csproj", "{964BD78C-5D6F-4FCA-929D-E4059262994C}"
EndProject
Project("{9A19103F-16F7-4668-BE54-9A1E7A4F7556}") = "Mcce22.SmartOffice.Notifications", "src\Mcce22.SmartOffice.Notifications\Mcce22.SmartOffice.Notifications.csproj", "{359598FE-E4E0-44A6-A4C0-69652A101DF3}"
EndProject
Project("{FAE04EC0-301F-11D3-BF4B-00C04F79EFBC}") = "Mcce22.SmartOffice.DeviceActivator", "src\Mcce22.SmartOffice.DeviceActivator\Mcce22.SmartOffice.DeviceActivator.csproj", "{E9D820C9-A8BE-407C-A04A-2E2EDB7A88D0}"
EndProject
Global
	GlobalSection(SolutionConfigurationPlatforms) = preSolution
		Debug|Any CPU = Debug|Any CPU
		Debug|x86 = Debug|x86
		Release|Any CPU = Release|Any CPU
		Release|x86 = Release|x86
	EndGlobalSection
	GlobalSection(ProjectConfigurationPlatforms) = postSolution
		{242C87BE-D260-44D6-B47F-13ECBC19FA8D}.Debug|Any CPU.ActiveCfg = Debug|Any CPU
		{242C87BE-D260-44D6-B47F-13ECBC19FA8D}.Debug|Any CPU.Build.0 = Debug|Any CPU
		{242C87BE-D260-44D6-B47F-13ECBC19FA8D}.Debug|x86.ActiveCfg = Debug|Any CPU
		{242C87BE-D260-44D6-B47F-13ECBC19FA8D}.Debug|x86.Build.0 = Debug|Any CPU
		{242C87BE-D260-44D6-B47F-13ECBC19FA8D}.Release|Any CPU.ActiveCfg = Release|Any CPU
		{242C87BE-D260-44D6-B47F-13ECBC19FA8D}.Release|Any CPU.Build.0 = Release|Any CPU
		{242C87BE-D260-44D6-B47F-13ECBC19FA8D}.Release|x86.ActiveCfg = Release|Any CPU
		{242C87BE-D260-44D6-B47F-13ECBC19FA8D}.Release|x86.Build.0 = Release|Any CPU
		{5A038394-7AF6-4814-BE77-9138EC1924C0}.Debug|Any CPU.ActiveCfg = Debug|Any CPU
		{5A038394-7AF6-4814-BE77-9138EC1924C0}.Debug|Any CPU.Build.0 = Debug|Any CPU
		{5A038394-7AF6-4814-BE77-9138EC1924C0}.Debug|x86.ActiveCfg = Debug|Any CPU
		{5A038394-7AF6-4814-BE77-9138EC1924C0}.Debug|x86.Build.0 = Debug|Any CPU
		{5A038394-7AF6-4814-BE77-9138EC1924C0}.Release|Any CPU.ActiveCfg = Release|Any CPU
		{5A038394-7AF6-4814-BE77-9138EC1924C0}.Release|Any CPU.Build.0 = Release|Any CPU
		{5A038394-7AF6-4814-BE77-9138EC1924C0}.Release|x86.ActiveCfg = Release|Any CPU
		{5A038394-7AF6-4814-BE77-9138EC1924C0}.Release|x86.Build.0 = Release|Any CPU
		{8BB18B95-0F3E-42EA-8E23-84C836BD0E4A}.Debug|Any CPU.ActiveCfg = Debug|Any CPU
		{8BB18B95-0F3E-42EA-8E23-84C836BD0E4A}.Debug|Any CPU.Build.0 = Debug|Any CPU
		{8BB18B95-0F3E-42EA-8E23-84C836BD0E4A}.Debug|x86.ActiveCfg = Debug|Any CPU
		{8BB18B95-0F3E-42EA-8E23-84C836BD0E4A}.Debug|x86.Build.0 = Debug|Any CPU
		{8BB18B95-0F3E-42EA-8E23-84C836BD0E4A}.Release|Any CPU.ActiveCfg = Release|Any CPU
		{8BB18B95-0F3E-42EA-8E23-84C836BD0E4A}.Release|Any CPU.Build.0 = Release|Any CPU
		{8BB18B95-0F3E-42EA-8E23-84C836BD0E4A}.Release|x86.ActiveCfg = Release|Any CPU
		{8BB18B95-0F3E-42EA-8E23-84C836BD0E4A}.Release|x86.Build.0 = Release|Any CPU
		{CD9FD509-1ACE-45D9-AFF8-F8ADE5EB81FB}.Debug|Any CPU.ActiveCfg = Debug|Any CPU
		{CD9FD509-1ACE-45D9-AFF8-F8ADE5EB81FB}.Debug|Any CPU.Build.0 = Debug|Any CPU
		{CD9FD509-1ACE-45D9-AFF8-F8ADE5EB81FB}.Debug|x86.ActiveCfg = Debug|Any CPU
		{CD9FD509-1ACE-45D9-AFF8-F8ADE5EB81FB}.Debug|x86.Build.0 = Debug|Any CPU
		{CD9FD509-1ACE-45D9-AFF8-F8ADE5EB81FB}.Release|Any CPU.ActiveCfg = Release|Any CPU
		{CD9FD509-1ACE-45D9-AFF8-F8ADE5EB81FB}.Release|Any CPU.Build.0 = Release|Any CPU
		{CD9FD509-1ACE-45D9-AFF8-F8ADE5EB81FB}.Release|x86.ActiveCfg = Release|Any CPU
		{CD9FD509-1ACE-45D9-AFF8-F8ADE5EB81FB}.Release|x86.Build.0 = Release|Any CPU
		{7F124099-B8C5-4729-968A-F244A53FB098}.Debug|Any CPU.ActiveCfg = Debug|Any CPU
		{7F124099-B8C5-4729-968A-F244A53FB098}.Debug|Any CPU.Build.0 = Debug|Any CPU
		{7F124099-B8C5-4729-968A-F244A53FB098}.Debug|x86.ActiveCfg = Debug|Any CPU
		{7F124099-B8C5-4729-968A-F244A53FB098}.Debug|x86.Build.0 = Debug|Any CPU
		{7F124099-B8C5-4729-968A-F244A53FB098}.Release|Any CPU.ActiveCfg = Release|Any CPU
		{7F124099-B8C5-4729-968A-F244A53FB098}.Release|Any CPU.Build.0 = Release|Any CPU
		{7F124099-B8C5-4729-968A-F244A53FB098}.Release|x86.ActiveCfg = Release|Any CPU
		{7F124099-B8C5-4729-968A-F244A53FB098}.Release|x86.Build.0 = Release|Any CPU
		{964BD78C-5D6F-4FCA-929D-E4059262994C}.Debug|Any CPU.ActiveCfg = Debug|Any CPU
		{964BD78C-5D6F-4FCA-929D-E4059262994C}.Debug|Any CPU.Build.0 = Debug|Any CPU
		{964BD78C-5D6F-4FCA-929D-E4059262994C}.Debug|x86.ActiveCfg = Debug|Any CPU
		{964BD78C-5D6F-4FCA-929D-E4059262994C}.Debug|x86.Build.0 = Debug|Any CPU
		{964BD78C-5D6F-4FCA-929D-E4059262994C}.Release|Any CPU.ActiveCfg = Release|Any CPU
		{964BD78C-5D6F-4FCA-929D-E4059262994C}.Release|Any CPU.Build.0 = Release|Any CPU
		{964BD78C-5D6F-4FCA-929D-E4059262994C}.Release|x86.ActiveCfg = Release|Any CPU
		{964BD78C-5D6F-4FCA-929D-E4059262994C}.Release|x86.Build.0 = Release|Any CPU
		{359598FE-E4E0-44A6-A4C0-69652A101DF3}.Debug|Any CPU.ActiveCfg = Debug|Any CPU
		{359598FE-E4E0-44A6-A4C0-69652A101DF3}.Debug|Any CPU.Build.0 = Debug|Any CPU
		{359598FE-E4E0-44A6-A4C0-69652A101DF3}.Debug|x86.ActiveCfg = Debug|Any CPU
		{359598FE-E4E0-44A6-A4C0-69652A101DF3}.Debug|x86.Build.0 = Debug|Any CPU
		{359598FE-E4E0-44A6-A4C0-69652A101DF3}.Release|Any CPU.ActiveCfg = Release|Any CPU
		{359598FE-E4E0-44A6-A4C0-69652A101DF3}.Release|Any CPU.Build.0 = Release|Any CPU
		{359598FE-E4E0-44A6-A4C0-69652A101DF3}.Release|x86.ActiveCfg = Release|Any CPU
		{359598FE-E4E0-44A6-A4C0-69652A101DF3}.Release|x86.Build.0 = Release|Any CPU
		{E9D820C9-A8BE-407C-A04A-2E2EDB7A88D0}.Debug|Any CPU.ActiveCfg = Debug|Any CPU
		{E9D820C9-A8BE-407C-A04A-2E2EDB7A88D0}.Debug|Any CPU.Build.0 = Debug|Any CPU
		{E9D820C9-A8BE-407C-A04A-2E2EDB7A88D0}.Debug|x86.ActiveCfg = Debug|Any CPU
		{E9D820C9-A8BE-407C-A04A-2E2EDB7A88D0}.Debug|x86.Build.0 = Debug|Any CPU
		{E9D820C9-A8BE-407C-A04A-2E2EDB7A88D0}.Release|Any CPU.ActiveCfg = Release|Any CPU
		{E9D820C9-A8BE-407C-A04A-2E2EDB7A88D0}.Release|Any CPU.Build.0 = Release|Any CPU
		{E9D820C9-A8BE-407C-A04A-2E2EDB7A88D0}.Release|x86.ActiveCfg = Release|Any CPU
		{E9D820C9-A8BE-407C-A04A-2E2EDB7A88D0}.Release|x86.Build.0 = Release|Any CPU
	EndGlobalSection
	GlobalSection(SolutionProperties) = preSolution
		HideSolutionNode = FALSE
	EndGlobalSection
	GlobalSection(NestedProjects) = preSolution
		{242C87BE-D260-44D6-B47F-13ECBC19FA8D} = {5805A17B-151A-4474-81DE-FF214703BBDB}
		{5A038394-7AF6-4814-BE77-9138EC1924C0} = {5805A17B-151A-4474-81DE-FF214703BBDB}
		{8BB18B95-0F3E-42EA-8E23-84C836BD0E4A} = {5805A17B-151A-4474-81DE-FF214703BBDB}
		{CD9FD509-1ACE-45D9-AFF8-F8ADE5EB81FB} = {5805A17B-151A-4474-81DE-FF214703BBDB}
		{7F124099-B8C5-4729-968A-F244A53FB098} = {A91F473D-9897-4D92-92A1-E955B108B48E}
		{964BD78C-5D6F-4FCA-929D-E4059262994C} = {9D747313-CB04-4C7F-95BE-4083BE7A893A}
		{359598FE-E4E0-44A6-A4C0-69652A101DF3} = {5805A17B-151A-4474-81DE-FF214703BBDB}
		{E9D820C9-A8BE-407C-A04A-2E2EDB7A88D0} = {5805A17B-151A-4474-81DE-FF214703BBDB}
	EndGlobalSection
	GlobalSection(ExtensibilityGlobals) = postSolution
		SolutionGuid = {6B4406B8-0A6E-4D84-9828-BCF8BDD1781C}
	EndGlobalSection
EndGlobal
